
Microsoft Visual Studio Solution File, Format Version 12.00
# Visual Studio Version 16
VisualStudioVersion = 16.0.30803.129
MinimumVisualStudioVersion = 10.0.40219.1
Project("{9A19103F-16F7-4668-BE54-9A1E7A4F7556}") = "PasswordSafeConsole", "PasswordSafeConsole\PasswordSafeConsole.csproj", "{48EF893B-CF4E-47AB-85A5-4B4DC142530F}"
EndProject
Project("{FAE04EC0-301F-11D3-BF4B-00C04F79EFBC}") = "PasswordSafeForms", "PasswordSafeForms\PasswordSafeForms.csproj", "{B0D81133-8221-4118-ABC5-A299EF348EB6}"
EndProject
Project("{FAE04EC0-301F-11D3-BF4B-00C04F79EFBC}") = "PWLibrary", "PWLibrary\PWLibrary.csproj", "{10E02E59-CEF4-463D-8993-4A6C82E09E0C}"
EndProject
Global
	GlobalSection(SolutionConfigurationPlatforms) = preSolution
		Debug|Any CPU = Debug|Any CPU
		Release|Any CPU = Release|Any CPU
	EndGlobalSection
	GlobalSection(ProjectConfigurationPlatforms) = postSolution
		{48EF893B-CF4E-47AB-85A5-4B4DC142530F}.Debug|Any CPU.ActiveCfg = Debug|Any CPU
		{48EF893B-CF4E-47AB-85A5-4B4DC142530F}.Debug|Any CPU.Build.0 = Debug|Any CPU
		{48EF893B-CF4E-47AB-85A5-4B4DC142530F}.Release|Any CPU.ActiveCfg = Release|Any CPU
		{48EF893B-CF4E-47AB-85A5-4B4DC142530F}.Release|Any CPU.Build.0 = Release|Any CPU
		{B0D81133-8221-4118-ABC5-A299EF348EB6}.Debug|Any CPU.ActiveCfg = Debug|Any CPU
		{B0D81133-8221-4118-ABC5-A299EF348EB6}.Debug|Any CPU.Build.0 = Debug|Any CPU
		{B0D81133-8221-4118-ABC5-A299EF348EB6}.Release|Any CPU.ActiveCfg = Release|Any CPU
		{B0D81133-8221-4118-ABC5-A299EF348EB6}.Release|Any CPU.Build.0 = Release|Any CPU
		{10E02E59-CEF4-463D-8993-4A6C82E09E0C}.Debug|Any CPU.ActiveCfg = Debug|Any CPU
		{10E02E59-CEF4-463D-8993-4A6C82E09E0C}.Debug|Any CPU.Build.0 = Debug|Any CPU
		{10E02E59-CEF4-463D-8993-4A6C82E09E0C}.Release|Any CPU.ActiveCfg = Release|Any CPU
		{10E02E59-CEF4-463D-8993-4A6C82E09E0C}.Release|Any CPU.Build.0 = Release|Any CPU
	EndGlobalSection
	GlobalSection(SolutionProperties) = preSolution
		HideSolutionNode = FALSE
	EndGlobalSection
	GlobalSection(ExtensibilityGlobals) = postSolution
		SolutionGuid = {72E0AFE7-6826-487F-83FA-CF41AAB86591}
	EndGlobalSection
EndGlobal
